
Microsoft Visual Studio Solution File, Format Version 12.00
Project("{FAE04EC0-301F-11D3-BF4B-00C04F79EFBC}") = "HighlightUnwateredTiles", "HighlightUnwateredTiles.csproj", "{B566E5AA-F9C4-49BC-BA14-87EFB725027E}"
EndProject
Global
	GlobalSection(SolutionConfigurationPlatforms) = preSolution
		Debug|Any CPU = Debug|Any CPU
		Release|Any CPU = Release|Any CPU
	EndGlobalSection
	GlobalSection(ProjectConfigurationPlatforms) = postSolution
		{B566E5AA-F9C4-49BC-BA14-87EFB725027E}.Debug|Any CPU.ActiveCfg = Debug|Any CPU
		{B566E5AA-F9C4-49BC-BA14-87EFB725027E}.Debug|Any CPU.Build.0 = Debug|Any CPU
		{B566E5AA-F9C4-49BC-BA14-87EFB725027E}.Release|Any CPU.ActiveCfg = Release|Any CPU
		{B566E5AA-F9C4-49BC-BA14-87EFB725027E}.Release|Any CPU.Build.0 = Release|Any CPU
	EndGlobalSection
EndGlobal
